// !$*UTF8*$!
{
	archiveVersion = 1;
	classes = {
	};
	objectVersion = 42;
	objects = {

/* Begin PBXBuildFile section */
		225E21DF095606350086CB3C /* OpenGL.framework in Frameworks */ = {isa = PBXBuildFile; fileRef = 225E21DE095606350086CB3C /* OpenGL.framework */; };
		22EF8C3E09DC5BCC00C3095D /* box.cpp in Sources */ = {isa = PBXBuildFile; fileRef = 22EF8C3909DC5BCC00C3095D /* box.cpp */; };
		22EF8C4009DC5BCC00C3095D /* playField.cpp in Sources */ = {isa = PBXBuildFile; fileRef = 22EF8C3B09DC5BCC00C3095D /* playField.cpp */; };
		22EF8C4109DC5BCC00C3095D /* squaresBg.cpp in Sources */ = {isa = PBXBuildFile; fileRef = 22EF8C3C09DC5BCC00C3095D /* squaresBg.cpp */; };
		22EF8C4209DC5BCC00C3095D /* squaresHUD.cpp in Sources */ = {isa = PBXBuildFile; fileRef = 22EF8C3D09DC5BCC00C3095D /* squaresHUD.cpp */; };
		22EF8C4409DC5C0D00C3095D /* menuList.cpp in Sources */ = {isa = PBXBuildFile; fileRef = 22EF8C4309DC5C0D00C3095D /* menuList.cpp */; };
		22EF8C4E09DC5C3200C3095D /* DCSMenu.cpp in Sources */ = {isa = PBXBuildFile; fileRef = 22EF8C4509DC5C3200C3095D /* DCSMenu.cpp */; };
		22EF8C4F09DC5C3200C3095D /* GamePlay.cpp in Sources */ = {isa = PBXBuildFile; fileRef = 22EF8C4609DC5C3200C3095D /* GamePlay.cpp */; };
		22EF8C5009DC5C3200C3095D /* HighScores.cpp in Sources */ = {isa = PBXBuildFile; fileRef = 22EF8C4709DC5C3200C3095D /* HighScores.cpp */; };
		22EF8C5109DC5C3200C3095D /* HowToPlay.cpp in Sources */ = {isa = PBXBuildFile; fileRef = 22EF8C4809DC5C3200C3095D /* HowToPlay.cpp */; };
		22EF8C5209DC5C3200C3095D /* LevelStats.cpp in Sources */ = {isa = PBXBuildFile; fileRef = 22EF8C4909DC5C3200C3095D /* LevelStats.cpp */; };
		22EF8C5309DC5C3200C3095D /* MultiPlaySetup.cpp in Sources */ = {isa = PBXBuildFile; fileRef = 22EF8C4A09DC5C3200C3095D /* MultiPlaySetup.cpp */; };
		22EF8C5409DC5C3200C3095D /* NameEntry.cpp in Sources */ = {isa = PBXBuildFile; fileRef = 22EF8C4B09DC5C3200C3095D /* NameEntry.cpp */; };
		22EF8C5509DC5C3200C3095D /* NetworkLobby.cpp in Sources */ = {isa = PBXBuildFile; fileRef = 22EF8C4C09DC5C3200C3095D /* NetworkLobby.cpp */; };
		22EF8C5609DC5C3200C3095D /* TitleScreen.cpp in Sources */ = {isa = PBXBuildFile; fileRef = 22EF8C4D09DC5C3200C3095D /* TitleScreen.cpp */; };
		22EF8C6309DC5C6C00C3095D /* game.cc in Sources */ = {isa = PBXBuildFile; fileRef = 22EF8C5709DC5C6C00C3095D /* game.cc */; };
		22EF8C6409DC5C6C00C3095D /* http.cc in Sources */ = {isa = PBXBuildFile; fileRef = 22EF8C5809DC5C6C00C3095D /* http.cc */; };
		22EF8C6509DC5C6C00C3095D /* hud.cc in Sources */ = {isa = PBXBuildFile; fileRef = 22EF8C5909DC5C6C00C3095D /* hud.cc */; };
		22EF8C6609DC5C6C00C3095D /* level.cc in Sources */ = {isa = PBXBuildFile; fileRef = 22EF8C5A09DC5C6C00C3095D /* level.cc */; };
		22EF8C6709DC5C6C00C3095D /* main.cc in Sources */ = {isa = PBXBuildFile; fileRef = 22EF8C5B09DC5C6C00C3095D /* main.cc */; };
		22EF8C6809DC5C6C00C3095D /* net.cc in Sources */ = {isa = PBXBuildFile; fileRef = 22EF8C5C09DC5C6C00C3095D /* net.cc */; };
		22EF8C6909DC5C6C00C3095D /* rand.cc in Sources */ = {isa = PBXBuildFile; fileRef = 22EF8C5D09DC5C6C00C3095D /* rand.cc */; };
		22EF8C6A09DC5C6C00C3095D /* score.cc in Sources */ = {isa = PBXBuildFile; fileRef = 22EF8C5E09DC5C6C00C3095D /* score.cc */; };
		22EF8C6B09DC5C6C00C3095D /* squares.cc in Sources */ = {isa = PBXBuildFile; fileRef = 22EF8C5F09DC5C6C00C3095D /* squares.cc */; };
		22EF8C6C09DC5C6C00C3095D /* text.cc in Sources */ = {isa = PBXBuildFile; fileRef = 22EF8C6009DC5C6C00C3095D /* text.cc */; };
		22EF8C6D09DC5C6C00C3095D /* theme.cc in Sources */ = {isa = PBXBuildFile; fileRef = 22EF8C6109DC5C6C00C3095D /* theme.cc */; };
		22EF8C8C09DC5C8D00C3095D /* loading.png in Resources */ = {isa = PBXBuildFile; fileRef = 22EF8C7009DC5C8D00C3095D /* loading.png */; };
		22EF8C8D09DC5C8D00C3095D /* themes in Resources */ = {isa = PBXBuildFile; fileRef = 22EF8C7109DC5C8D00C3095D /* themes */; };
		22EF8C8E09DC5C8D00C3095D /* VeraBd.txf in Resources */ = {isa = PBXBuildFile; fileRef = 22EF8C8B09DC5C8D00C3095D /* VeraBd.txf */; };
		22EF8CD709DC5CAC00C3095D /* Tiki.framework in Frameworks */ = {isa = PBXBuildFile; fileRef = 22EF8C9409DC5CAB00C3095D /* Tiki.framework */; };
		22EF8CD809DC5CB800C3095D /* Tiki.framework in CopyFiles */ = {isa = PBXBuildFile; fileRef = 22EF8C9409DC5CAB00C3095D /* Tiki.framework */; };
		22EF8D0209DC5CF800C3095D /* box.h in CopyFiles */ = {isa = PBXBuildFile; fileRef = 22EF8CE409DC5CF800C3095D /* box.h */; };
		22EF8D0309DC5CF800C3095D /* menuList.h in CopyFiles */ = {isa = PBXBuildFile; fileRef = 22EF8CE509DC5CF800C3095D /* menuList.h */; };
		22EF8D0409DC5CF800C3095D /* playField.h in CopyFiles */ = {isa = PBXBuildFile; fileRef = 22EF8CE609DC5CF800C3095D /* playField.h */; };
		22EF8D0509DC5CF800C3095D /* squaresBg.h in CopyFiles */ = {isa = PBXBuildFile; fileRef = 22EF8CE709DC5CF800C3095D /* squaresBg.h */; };
		22EF8D0609DC5CF800C3095D /* squaresHUD.h in CopyFiles */ = {isa = PBXBuildFile; fileRef = 22EF8CE809DC5CF800C3095D /* squaresHUD.h */; };
		22EF8D0709DC5CF800C3095D /* font.h in CopyFiles */ = {isa = PBXBuildFile; fileRef = 22EF8CE909DC5CF800C3095D /* font.h */; };
		22EF8D0809DC5CF800C3095D /* game.h in CopyFiles */ = {isa = PBXBuildFile; fileRef = 22EF8CEA09DC5CF800C3095D /* game.h */; };
		22EF8D0909DC5CF800C3095D /* http.h in CopyFiles */ = {isa = PBXBuildFile; fileRef = 22EF8CEB09DC5CF800C3095D /* http.h */; };
		22EF8D0A09DC5CF800C3095D /* hud.h in CopyFiles */ = {isa = PBXBuildFile; fileRef = 22EF8CEC09DC5CF800C3095D /* hud.h */; };
		22EF8D0B09DC5CF800C3095D /* input.h in CopyFiles */ = {isa = PBXBuildFile; fileRef = 22EF8CED09DC5CF800C3095D /* input.h */; };
		22EF8D0C09DC5CF800C3095D /* level.h in CopyFiles */ = {isa = PBXBuildFile; fileRef = 22EF8CEE09DC5CF800C3095D /* level.h */; };
		22EF8D0D09DC5CF800C3095D /* DCSMenu.h in CopyFiles */ = {isa = PBXBuildFile; fileRef = 22EF8CF009DC5CF800C3095D /* DCSMenu.h */; };
		22EF8D0E09DC5CF800C3095D /* GamePlay.h in CopyFiles */ = {isa = PBXBuildFile; fileRef = 22EF8CF109DC5CF800C3095D /* GamePlay.h */; };
		22EF8D0F09DC5CF800C3095D /* HighScores.h in CopyFiles */ = {isa = PBXBuildFile; fileRef = 22EF8CF209DC5CF800C3095D /* HighScores.h */; };
		22EF8D1009DC5CF800C3095D /* HowToPlay.h in CopyFiles */ = {isa = PBXBuildFile; fileRef = 22EF8CF309DC5CF800C3095D /* HowToPlay.h */; };
		22EF8D1109DC5CF800C3095D /* LevelStats.h in CopyFiles */ = {isa = PBXBuildFile; fileRef = 22EF8CF409DC5CF800C3095D /* LevelStats.h */; };
		22EF8D1209DC5CF800C3095D /* MultiPlaySetup.h in CopyFiles */ = {isa = PBXBuildFile; fileRef = 22EF8CF509DC5CF800C3095D /* MultiPlaySetup.h */; };
		22EF8D1309DC5CF800C3095D /* NameEntry.h in CopyFiles */ = {isa = PBXBuildFile; fileRef = 22EF8CF609DC5CF800C3095D /* NameEntry.h */; };
		22EF8D1409DC5CF800C3095D /* NetworkLobby.h in CopyFiles */ = {isa = PBXBuildFile; fileRef = 22EF8CF709DC5CF800C3095D /* NetworkLobby.h */; };
		22EF8D1509DC5CF800C3095D /* TitleScreen.h in CopyFiles */ = {isa = PBXBuildFile; fileRef = 22EF8CF809DC5CF800C3095D /* TitleScreen.h */; };
		22EF8D1609DC5CF800C3095D /* net.h in CopyFiles */ = {isa = PBXBuildFile; fileRef = 22EF8CF909DC5CF800C3095D /* net.h */; };
		22EF8D1709DC5CF800C3095D /* options.h in CopyFiles */ = {isa = PBXBuildFile; fileRef = 22EF8CFA09DC5CF800C3095D /* options.h */; };
		22EF8D1809DC5CF800C3095D /* rand.h in CopyFiles */ = {isa = PBXBuildFile; fileRef = 22EF8CFB09DC5CF800C3095D /* rand.h */; };
		22EF8D1909DC5CF800C3095D /* score.h in CopyFiles */ = {isa = PBXBuildFile; fileRef = 22EF8CFC09DC5CF800C3095D /* score.h */; };
		22EF8D1A09DC5CF800C3095D /* squarenet.h in CopyFiles */ = {isa = PBXBuildFile; fileRef = 22EF8CFD09DC5CF800C3095D /* squarenet.h */; };
		22EF8D1B09DC5CF800C3095D /* squares.h in CopyFiles */ = {isa = PBXBuildFile; fileRef = 22EF8CFE09DC5CF800C3095D /* squares.h */; };
		22EF8D1C09DC5CF800C3095D /* text.h in CopyFiles */ = {isa = PBXBuildFile; fileRef = 22EF8CFF09DC5CF800C3095D /* text.h */; };
		22EF8D1D09DC5CF800C3095D /* texture.h in CopyFiles */ = {isa = PBXBuildFile; fileRef = 22EF8D0009DC5CF800C3095D /* texture.h */; };
		22EF8D1E09DC5CF800C3095D /* theme.h in CopyFiles */ = {isa = PBXBuildFile; fileRef = 22EF8D0109DC5CF800C3095D /* theme.h */; };
		22F3A2C70953AA02005DB9D0 /* Controller.m in Sources */ = {isa = PBXBuildFile; fileRef = 22F3A2C40953AA02005DB9D0 /* Controller.m */; };
		8D11072A0486CEB800E47090 /* MainMenu.nib in Resources */ = {isa = PBXBuildFile; fileRef = 29B97318FDCFA39411CA2CEA /* MainMenu.nib */; };
		8D11072B0486CEB800E47090 /* InfoPlist.strings in Resources */ = {isa = PBXBuildFile; fileRef = 089C165CFE840E0CC02AAC07 /* InfoPlist.strings */; };
		8D11072D0486CEB800E47090 /* main.m in Sources */ = {isa = PBXBuildFile; fileRef = 29B97316FDCFA39411CA2CEA /* main.m */; settings = {ATTRIBUTES = (); }; };
		8D11072F0486CEB800E47090 /* Cocoa.framework in Frameworks */ = {isa = PBXBuildFile; fileRef = 1058C7A1FEA54F0111CA2CBB /* Cocoa.framework */; };
/* End PBXBuildFile section */

/* Begin PBXBuildStyle section */
		4A9504CCFFE6A4B311CA0CBA /* Debug */ = {
			isa = PBXBuildStyle;
			buildSettings = {
			};
			name = Debug;
		};
		4A9504CDFFE6A4B311CA0CBA /* Release */ = {
			isa = PBXBuildStyle;
			buildSettings = {
			};
			name = Release;
		};
/* End PBXBuildStyle section */

/* Begin PBXCopyFilesBuildPhase section */
		22F3A2760953A8F4005DB9D0 /* CopyFiles */ = {
			isa = PBXCopyFilesBuildPhase;
			buildActionMask = 2147483647;
			dstPath = "";
			dstSubfolderSpec = 10;
			files = (
				22EF8CD809DC5CB800C3095D /* Tiki.framework in CopyFiles */,
				22EF8D0209DC5CF800C3095D /* box.h in CopyFiles */,
				22EF8D0309DC5CF800C3095D /* menuList.h in CopyFiles */,
				22EF8D0409DC5CF800C3095D /* playField.h in CopyFiles */,
				22EF8D0509DC5CF800C3095D /* squaresBg.h in CopyFiles */,
				22EF8D0609DC5CF800C3095D /* squaresHUD.h in CopyFiles */,
				22EF8D0709DC5CF800C3095D /* font.h in CopyFiles */,
				22EF8D0809DC5CF800C3095D /* game.h in CopyFiles */,
				22EF8D0909DC5CF800C3095D /* http.h in CopyFiles */,
				22EF8D0A09DC5CF800C3095D /* hud.h in CopyFiles */,
				22EF8D0B09DC5CF800C3095D /* input.h in CopyFiles */,
				22EF8D0C09DC5CF800C3095D /* level.h in CopyFiles */,
				22EF8D0D09DC5CF800C3095D /* DCSMenu.h in CopyFiles */,
				22EF8D0E09DC5CF800C3095D /* GamePlay.h in CopyFiles */,
				22EF8D0F09DC5CF800C3095D /* HighScores.h in CopyFiles */,
				22EF8D1009DC5CF800C3095D /* HowToPlay.h in CopyFiles */,
				22EF8D1109DC5CF800C3095D /* LevelStats.h in CopyFiles */,
				22EF8D1209DC5CF800C3095D /* MultiPlaySetup.h in CopyFiles */,
				22EF8D1309DC5CF800C3095D /* NameEntry.h in CopyFiles */,
				22EF8D1409DC5CF800C3095D /* NetworkLobby.h in CopyFiles */,
				22EF8D1509DC5CF800C3095D /* TitleScreen.h in CopyFiles */,
				22EF8D1609DC5CF800C3095D /* net.h in CopyFiles */,
				22EF8D1709DC5CF800C3095D /* options.h in CopyFiles */,
				22EF8D1809DC5CF800C3095D /* rand.h in CopyFiles */,
				22EF8D1909DC5CF800C3095D /* score.h in CopyFiles */,
				22EF8D1A09DC5CF800C3095D /* squarenet.h in CopyFiles */,
				22EF8D1B09DC5CF800C3095D /* squares.h in CopyFiles */,
				22EF8D1C09DC5CF800C3095D /* text.h in CopyFiles */,
				22EF8D1D09DC5CF800C3095D /* texture.h in CopyFiles */,
				22EF8D1E09DC5CF800C3095D /* theme.h in CopyFiles */,
			);
			runOnlyForDeploymentPostprocessing = 0;
		};
/* End PBXCopyFilesBuildPhase section */

/* Begin PBXFileReference section */
		089C165DFE840E0CC02AAC07 /* English */ = {isa = PBXFileReference; fileEncoding = 10; lastKnownFileType = text.plist.strings; name = English; path = English.lproj/InfoPlist.strings; sourceTree = "<group>"; };
		1058C7A1FEA54F0111CA2CBB /* Cocoa.framework */ = {isa = PBXFileReference; lastKnownFileType = wrapper.framework; name = Cocoa.framework; path = /System/Library/Frameworks/Cocoa.framework; sourceTree = "<absolute>"; };
		13E42FB307B3F0F600E4EEF1 /* CoreData.framework */ = {isa = PBXFileReference; lastKnownFileType = wrapper.framework; name = CoreData.framework; path = /System/Library/Frameworks/CoreData.framework; sourceTree = "<absolute>"; };
		225E21DE095606350086CB3C /* OpenGL.framework */ = {isa = PBXFileReference; lastKnownFileType = wrapper.framework; name = OpenGL.framework; path = /System/Library/Frameworks/OpenGL.framework; sourceTree = "<absolute>"; };
		22EF8C3909DC5BCC00C3095D /* box.cpp */ = {isa = PBXFileReference; fileEncoding = 30; lastKnownFileType = sourcecode.cpp.cpp; name = box.cpp; path = ../src/drawables/box.cpp; sourceTree = SOURCE_ROOT; };
		22EF8C3B09DC5BCC00C3095D /* playField.cpp */ = {isa = PBXFileReference; fileEncoding = 30; lastKnownFileType = sourcecode.cpp.cpp; name = playField.cpp; path = ../src/drawables/playField.cpp; sourceTree = SOURCE_ROOT; };
		22EF8C3C09DC5BCC00C3095D /* squaresBg.cpp */ = {isa = PBXFileReference; fileEncoding = 30; lastKnownFileType = sourcecode.cpp.cpp; name = squaresBg.cpp; path = ../src/drawables/squaresBg.cpp; sourceTree = SOURCE_ROOT; };
		22EF8C3D09DC5BCC00C3095D /* squaresHUD.cpp */ = {isa = PBXFileReference; fileEncoding = 30; lastKnownFileType = sourcecode.cpp.cpp; name = squaresHUD.cpp; path = ../src/drawables/squaresHUD.cpp; sourceTree = SOURCE_ROOT; };
		22EF8C4309DC5C0D00C3095D /* menuList.cpp */ = {isa = PBXFileReference; fileEncoding = 30; lastKnownFileType = sourcecode.cpp.cpp; name = menuList.cpp; path = ../src/drawables/menuList.cpp; sourceTree = SOURCE_ROOT; };
		22EF8C4509DC5C3200C3095D /* DCSMenu.cpp */ = {isa = PBXFileReference; fileEncoding = 30; lastKnownFileType = sourcecode.cpp.cpp; name = DCSMenu.cpp; path = ../src/menus/DCSMenu.cpp; sourceTree = SOURCE_ROOT; };
		22EF8C4609DC5C3200C3095D /* GamePlay.cpp */ = {isa = PBXFileReference; fileEncoding = 30; lastKnownFileType = sourcecode.cpp.cpp; name = GamePlay.cpp; path = ../src/menus/GamePlay.cpp; sourceTree = SOURCE_ROOT; };
		22EF8C4709DC5C3200C3095D /* HighScores.cpp */ = {isa = PBXFileReference; fileEncoding = 30; lastKnownFileType = sourcecode.cpp.cpp; name = HighScores.cpp; path = ../src/menus/HighScores.cpp; sourceTree = SOURCE_ROOT; };
		22EF8C4809DC5C3200C3095D /* HowToPlay.cpp */ = {isa = PBXFileReference; fileEncoding = 30; lastKnownFileType = sourcecode.cpp.cpp; name = HowToPlay.cpp; path = ../src/menus/HowToPlay.cpp; sourceTree = SOURCE_ROOT; };
		22EF8C4909DC5C3200C3095D /* LevelStats.cpp */ = {isa = PBXFileReference; fileEncoding = 30; lastKnownFileType = sourcecode.cpp.cpp; name = LevelStats.cpp; path = ../src/menus/LevelStats.cpp; sourceTree = SOURCE_ROOT; };
		22EF8C4A09DC5C3200C3095D /* MultiPlaySetup.cpp */ = {isa = PBXFileReference; fileEncoding = 30; lastKnownFileType = sourcecode.cpp.cpp; name = MultiPlaySetup.cpp; path = ../src/menus/MultiPlaySetup.cpp; sourceTree = SOURCE_ROOT; };
		22EF8C4B09DC5C3200C3095D /* NameEntry.cpp */ = {isa = PBXFileReference; fileEncoding = 30; lastKnownFileType = sourcecode.cpp.cpp; name = NameEntry.cpp; path = ../src/menus/NameEntry.cpp; sourceTree = SOURCE_ROOT; };
		22EF8C4C09DC5C3200C3095D /* NetworkLobby.cpp */ = {isa = PBXFileReference; fileEncoding = 30; lastKnownFileType = sourcecode.cpp.cpp; name = NetworkLobby.cpp; path = ../src/menus/NetworkLobby.cpp; sourceTree = SOURCE_ROOT; };
		22EF8C4D09DC5C3200C3095D /* TitleScreen.cpp */ = {isa = PBXFileReference; fileEncoding = 30; lastKnownFileType = sourcecode.cpp.cpp; name = TitleScreen.cpp; path = ../src/menus/TitleScreen.cpp; sourceTree = SOURCE_ROOT; };
		22EF8C5709DC5C6C00C3095D /* game.cc */ = {isa = PBXFileReference; fileEncoding = 30; lastKnownFileType = sourcecode.cpp.cpp; name = game.cc; path = ../src/game.cc; sourceTree = SOURCE_ROOT; };
		22EF8C5809DC5C6C00C3095D /* http.cc */ = {isa = PBXFileReference; fileEncoding = 30; lastKnownFileType = sourcecode.cpp.cpp; name = http.cc; path = ../src/http.cc; sourceTree = SOURCE_ROOT; };
		22EF8C5909DC5C6C00C3095D /* hud.cc */ = {isa = PBXFileReference; fileEncoding = 30; lastKnownFileType = sourcecode.cpp.cpp; name = hud.cc; path = ../src/hud.cc; sourceTree = SOURCE_ROOT; };
		22EF8C5A09DC5C6C00C3095D /* level.cc */ = {isa = PBXFileReference; fileEncoding = 30; lastKnownFileType = sourcecode.cpp.cpp; name = level.cc; path = ../src/level.cc; sourceTree = SOURCE_ROOT; };
		22EF8C5B09DC5C6C00C3095D /* main.cc */ = {isa = PBXFileReference; fileEncoding = 30; lastKnownFileType = sourcecode.cpp.cpp; name = main.cc; path = ../src/main.cc; sourceTree = SOURCE_ROOT; };
		22EF8C5C09DC5C6C00C3095D /* net.cc */ = {isa = PBXFileReference; fileEncoding = 30; lastKnownFileType = sourcecode.cpp.cpp; name = net.cc; path = ../src/net.cc; sourceTree = SOURCE_ROOT; };
		22EF8C5D09DC5C6C00C3095D /* rand.cc */ = {isa = PBXFileReference; fileEncoding = 30; lastKnownFileType = sourcecode.cpp.cpp; name = rand.cc; path = ../src/rand.cc; sourceTree = SOURCE_ROOT; };
		22EF8C5E09DC5C6C00C3095D /* score.cc */ = {isa = PBXFileReference; fileEncoding = 30; lastKnownFileType = sourcecode.cpp.cpp; name = score.cc; path = ../src/score.cc; sourceTree = SOURCE_ROOT; };
		22EF8C5F09DC5C6C00C3095D /* squares.cc */ = {isa = PBXFileReference; fileEncoding = 30; lastKnownFileType = sourcecode.cpp.cpp; name = squares.cc; path = ../src/squares.cc; sourceTree = SOURCE_ROOT; };
		22EF8C6009DC5C6C00C3095D /* text.cc */ = {isa = PBXFileReference; fileEncoding = 30; lastKnownFileType = sourcecode.cpp.cpp; name = text.cc; path = ../src/text.cc; sourceTree = SOURCE_ROOT; };
		22EF8C6109DC5C6C00C3095D /* theme.cc */ = {isa = PBXFileReference; fileEncoding = 30; lastKnownFileType = sourcecode.cpp.cpp; name = theme.cc; path = ../src/theme.cc; sourceTree = SOURCE_ROOT; };
		22EF8C7009DC5C8D00C3095D /* loading.png */ = {isa = PBXFileReference; lastKnownFileType = image.png; name = loading.png; path = ../goat/loading.png; sourceTree = SOURCE_ROOT; };
		22EF8C7109DC5C8D00C3095D /* themes */ = {isa = PBXFileReference; lastKnownFileType = folder; name = themes; path = ../goat/themes; sourceTree = SOURCE_ROOT; };
		22EF8C8B09DC5C8D00C3095D /* VeraBd.txf */ = {isa = PBXFileReference; lastKnownFileType = file; name = VeraBd.txf; path = ../goat/VeraBd.txf; sourceTree = SOURCE_ROOT; };
		22EF8C9409DC5CAB00C3095D /* Tiki.framework */ = {isa = PBXFileReference; lastKnownFileType = wrapper.framework; name = Tiki.framework; path = ../../../tiki/osx/build/Development/Tiki.framework; sourceTree = SOURCE_ROOT; };
		22EF8CE409DC5CF800C3095D /* box.h */ = {isa = PBXFileReference; fileEncoding = 30; lastKnownFileType = sourcecode.c.h; path = box.h; sourceTree = "<group>"; };
		22EF8CE509DC5CF800C3095D /* menuList.h */ = {isa = PBXFileReference; fileEncoding = 30; lastKnownFileType = sourcecode.c.h; path = menuList.h; sourceTree = "<group>"; };
		22EF8CE609DC5CF800C3095D /* playField.h */ = {isa = PBXFileReference; fileEncoding = 30; lastKnownFileType = sourcecode.c.h; path = playField.h; sourceTree = "<group>"; };
		22EF8CE709DC5CF800C3095D /* squaresBg.h */ = {isa = PBXFileReference; fileEncoding = 30; lastKnownFileType = sourcecode.c.h; path = squaresBg.h; sourceTree = "<group>"; };
		22EF8CE809DC5CF800C3095D /* squaresHUD.h */ = {isa = PBXFileReference; fileEncoding = 30; lastKnownFileType = sourcecode.c.h; path = squaresHUD.h; sourceTree = "<group>"; };
		22EF8CE909DC5CF800C3095D /* font.h */ = {isa = PBXFileReference; fileEncoding = 30; lastKnownFileType = sourcecode.c.h; name = font.h; path = ../include/font.h; sourceTree = SOURCE_ROOT; };
		22EF8CEA09DC5CF800C3095D /* game.h */ = {isa = PBXFileReference; fileEncoding = 30; lastKnownFileType = sourcecode.c.h; name = game.h; path = ../include/game.h; sourceTree = SOURCE_ROOT; };
		22EF8CEB09DC5CF800C3095D /* http.h */ = {isa = PBXFileReference; fileEncoding = 30; lastKnownFileType = sourcecode.c.h; name = http.h; path = ../include/http.h; sourceTree = SOURCE_ROOT; };
		22EF8CEC09DC5CF800C3095D /* hud.h */ = {isa = PBXFileReference; fileEncoding = 30; lastKnownFileType = sourcecode.c.h; name = hud.h; path = ../include/hud.h; sourceTree = SOURCE_ROOT; };
		22EF8CED09DC5CF800C3095D /* input.h */ = {isa = PBXFileReference; fileEncoding = 30; lastKnownFileType = sourcecode.c.h; name = input.h; path = ../include/input.h; sourceTree = SOURCE_ROOT; };
		22EF8CEE09DC5CF800C3095D /* level.h */ = {isa = PBXFileReference; fileEncoding = 30; lastKnownFileType = sourcecode.c.h; name = level.h; path = ../include/level.h; sourceTree = SOURCE_ROOT; };
		22EF8CF009DC5CF800C3095D /* DCSMenu.h */ = {isa = PBXFileReference; fileEncoding = 30; lastKnownFileType = sourcecode.c.h; path = DCSMenu.h; sourceTree = "<group>"; };
		22EF8CF109DC5CF800C3095D /* GamePlay.h */ = {isa = PBXFileReference; fileEncoding = 30; lastKnownFileType = sourcecode.c.h; path = GamePlay.h; sourceTree = "<group>"; };
		22EF8CF209DC5CF800C3095D /* HighScores.h */ = {isa = PBXFileReference; fileEncoding = 30; lastKnownFileType = sourcecode.c.h; path = HighScores.h; sourceTree = "<group>"; };
		22EF8CF309DC5CF800C3095D /* HowToPlay.h */ = {isa = PBXFileReference; fileEncoding = 30; lastKnownFileType = sourcecode.c.h; path = HowToPlay.h; sourceTree = "<group>"; };
		22EF8CF409DC5CF800C3095D /* LevelStats.h */ = {isa = PBXFileReference; fileEncoding = 30; lastKnownFileType = sourcecode.c.h; path = LevelStats.h; sourceTree = "<group>"; };
		22EF8CF509DC5CF800C3095D /* MultiPlaySetup.h */ = {isa = PBXFileReference; fileEncoding = 30; lastKnownFileType = sourcecode.c.h; path = MultiPlaySetup.h; sourceTree = "<group>"; };
		22EF8CF609DC5CF800C3095D /* NameEntry.h */ = {isa = PBXFileReference; fileEncoding = 30; lastKnownFileType = sourcecode.c.h; path = NameEntry.h; sourceTree = "<group>"; };
		22EF8CF709DC5CF800C3095D /* NetworkLobby.h */ = {isa = PBXFileReference; fileEncoding = 30; lastKnownFileType = sourcecode.c.h; path = NetworkLobby.h; sourceTree = "<group>"; };
		22EF8CF809DC5CF800C3095D /* TitleScreen.h */ = {isa = PBXFileReference; fileEncoding = 30; lastKnownFileType = sourcecode.c.h; path = TitleScreen.h; sourceTree = "<group>"; };
		22EF8CF909DC5CF800C3095D /* net.h */ = {isa = PBXFileReference; fileEncoding = 30; lastKnownFileType = sourcecode.c.h; name = net.h; path = ../include/net.h; sourceTree = SOURCE_ROOT; };
		22EF8CFA09DC5CF800C3095D /* options.h */ = {isa = PBXFileReference; fileEncoding = 30; lastKnownFileType = sourcecode.c.h; name = options.h; path = ../include/options.h; sourceTree = SOURCE_ROOT; };
		22EF8CFB09DC5CF800C3095D /* rand.h */ = {isa = PBXFileReference; fileEncoding = 30; lastKnownFileType = sourcecode.c.h; name = rand.h; path = ../include/rand.h; sourceTree = SOURCE_ROOT; };
		22EF8CFC09DC5CF800C3095D /* score.h */ = {isa = PBXFileReference; fileEncoding = 30; lastKnownFileType = sourcecode.c.h; name = score.h; path = ../include/score.h; sourceTree = SOURCE_ROOT; };
		22EF8CFD09DC5CF800C3095D /* squarenet.h */ = {isa = PBXFileReference; fileEncoding = 30; lastKnownFileType = sourcecode.c.h; name = squarenet.h; path = ../include/squarenet.h; sourceTree = SOURCE_ROOT; };
		22EF8CFE09DC5CF800C3095D /* squares.h */ = {isa = PBXFileReference; fileEncoding = 30; lastKnownFileType = sourcecode.c.h; name = squares.h; path = ../include/squares.h; sourceTree = SOURCE_ROOT; };
		22EF8CFF09DC5CF800C3095D /* text.h */ = {isa = PBXFileReference; fileEncoding = 30; lastKnownFileType = sourcecode.c.h; name = text.h; path = ../include/text.h; sourceTree = SOURCE_ROOT; };
		22EF8D0009DC5CF800C3095D /* texture.h */ = {isa = PBXFileReference; fileEncoding = 30; lastKnownFileType = sourcecode.c.h; name = texture.h; path = ../include/texture.h; sourceTree = SOURCE_ROOT; };
		22EF8D0109DC5CF800C3095D /* theme.h */ = {isa = PBXFileReference; fileEncoding = 30; lastKnownFileType = sourcecode.c.h; name = theme.h; path = ../include/theme.h; sourceTree = SOURCE_ROOT; };
		22F3A2C30953AA02005DB9D0 /* Controller.h */ = {isa = PBXFileReference; fileEncoding = 30; lastKnownFileType = sourcecode.c.h; path = Controller.h; sourceTree = "<group>"; };
		22F3A2C40953AA02005DB9D0 /* Controller.m */ = {isa = PBXFileReference; fileEncoding = 30; lastKnownFileType = sourcecode.c.objc; path = Controller.m; sourceTree = "<group>"; };
		29B97316FDCFA39411CA2CEA /* main.m */ = {isa = PBXFileReference; fileEncoding = 4; lastKnownFileType = sourcecode.c.objc; path = main.m; sourceTree = "<group>"; };
		29B97319FDCFA39411CA2CEA /* English */ = {isa = PBXFileReference; lastKnownFileType = wrapper.nib; name = English; path = English.lproj/MainMenu.nib; sourceTree = "<group>"; };
		29B97324FDCFA39411CA2CEA /* AppKit.framework */ = {isa = PBXFileReference; lastKnownFileType = wrapper.framework; name = AppKit.framework; path = /System/Library/Frameworks/AppKit.framework; sourceTree = "<absolute>"; };
		29B97325FDCFA39411CA2CEA /* Foundation.framework */ = {isa = PBXFileReference; lastKnownFileType = wrapper.framework; name = Foundation.framework; path = /System/Library/Frameworks/Foundation.framework; sourceTree = "<absolute>"; };
		32CA4F630368D1EE00C91783 /* TikiSquares_Prefix.pch */ = {isa = PBXFileReference; fileEncoding = 4; lastKnownFileType = sourcecode.c.h; path = TikiSquares_Prefix.pch; sourceTree = "<group>"; };
		8D1107310486CEB800E47090 /* Info.plist */ = {isa = PBXFileReference; fileEncoding = 4; lastKnownFileType = text.plist; path = Info.plist; sourceTree = "<group>"; };
		8D1107320486CEB800E47090 /* TikiSquares.app */ = {isa = PBXFileReference; explicitFileType = wrapper.application; includeInIndex = 0; path = TikiSquares.app; sourceTree = BUILT_PRODUCTS_DIR; };
/* End PBXFileReference section */

/* Begin PBXFrameworksBuildPhase section */
		8D11072E0486CEB800E47090 /* Frameworks */ = {
			isa = PBXFrameworksBuildPhase;
			buildActionMask = 2147483647;
			files = (
				8D11072F0486CEB800E47090 /* Cocoa.framework in Frameworks */,
				225E21DF095606350086CB3C /* OpenGL.framework in Frameworks */,
				22EF8CD709DC5CAC00C3095D /* Tiki.framework in Frameworks */,
			);
			runOnlyForDeploymentPostprocessing = 0;
		};
/* End PBXFrameworksBuildPhase section */

/* Begin PBXGroup section */
		080E96DDFE201D6D7F000001 /* Classes */ = {
			isa = PBXGroup;
			children = (
				22F3A2C30953AA02005DB9D0 /* Controller.h */,
				22F3A2C40953AA02005DB9D0 /* Controller.m */,
			);
			name = Classes;
			sourceTree = "<group>";
		};
		1058C7A0FEA54F0111CA2CBB /* Linked Frameworks */ = {
			isa = PBXGroup;
			children = (
				22EF8C9409DC5CAB00C3095D /* Tiki.framework */,
				225E21DE095606350086CB3C /* OpenGL.framework */,
				1058C7A1FEA54F0111CA2CBB /* Cocoa.framework */,
			);
			name = "Linked Frameworks";
			sourceTree = "<group>";
		};
		1058C7A2FEA54F0111CA2CBB /* Other Frameworks */ = {
			isa = PBXGroup;
			children = (
				29B97324FDCFA39411CA2CEA /* AppKit.framework */,
				13E42FB307B3F0F600E4EEF1 /* CoreData.framework */,
				29B97325FDCFA39411CA2CEA /* Foundation.framework */,
			);
			name = "Other Frameworks";
			sourceTree = "<group>";
		};
		19C28FACFE9D520D11CA2CBB /* Products */ = {
			isa = PBXGroup;
			children = (
				8D1107320486CEB800E47090 /* TikiSquares.app */,
			);
			name = Products;
			sourceTree = "<group>";
		};
		222FC2ED0953AC84009582BD /* common */ = {
			isa = PBXGroup;
			children = (
				22EF8C5709DC5C6C00C3095D /* game.cc */,
				22EF8C5809DC5C6C00C3095D /* http.cc */,
				22EF8C5909DC5C6C00C3095D /* hud.cc */,
				22EF8C5A09DC5C6C00C3095D /* level.cc */,
				22EF8C5B09DC5C6C00C3095D /* main.cc */,
				22EF8C5C09DC5C6C00C3095D /* net.cc */,
				22EF8C5D09DC5C6C00C3095D /* rand.cc */,
				22EF8C5E09DC5C6C00C3095D /* score.cc */,
				22EF8C5F09DC5C6C00C3095D /* squares.cc */,
				22EF8C6009DC5C6C00C3095D /* text.cc */,
				22EF8C6109DC5C6C00C3095D /* theme.cc */,
			);
			name = common;
			sourceTree = "<group>";
		};
		225E219D095604E30086CB3C /* include */ = {
			isa = PBXGroup;
			children = (
				22EF8CE309DC5CF800C3095D /* drawables */,
				22EF8CE909DC5CF800C3095D /* font.h */,
				22EF8CEA09DC5CF800C3095D /* game.h */,
				22EF8CEB09DC5CF800C3095D /* http.h */,
				22EF8CEC09DC5CF800C3095D /* hud.h */,
				22EF8CED09DC5CF800C3095D /* input.h */,
				22EF8CEE09DC5CF800C3095D /* level.h */,
				22EF8CEF09DC5CF800C3095D /* menus */,
				22EF8CF909DC5CF800C3095D /* net.h */,
				22EF8CFA09DC5CF800C3095D /* options.h */,
				22EF8CFB09DC5CF800C3095D /* rand.h */,
				22EF8CFC09DC5CF800C3095D /* score.h */,
				22EF8CFD09DC5CF800C3095D /* squarenet.h */,
				22EF8CFE09DC5CF800C3095D /* squares.h */,
				22EF8CFF09DC5CF800C3095D /* text.h */,
				22EF8D0009DC5CF800C3095D /* texture.h */,
				22EF8D0109DC5CF800C3095D /* theme.h */,
			);
			name = include;
			sourceTree = "<group>";
		};
		225E2214095609900086CB3C /* Menus */ = {
			isa = PBXGroup;
			children = (
				22EF8C4509DC5C3200C3095D /* DCSMenu.cpp */,
				22EF8C4609DC5C3200C3095D /* GamePlay.cpp */,
				22EF8C4709DC5C3200C3095D /* HighScores.cpp */,
				22EF8C4809DC5C3200C3095D /* HowToPlay.cpp */,
				22EF8C4909DC5C3200C3095D /* LevelStats.cpp */,
				22EF8C4A09DC5C3200C3095D /* MultiPlaySetup.cpp */,
				22EF8C4B09DC5C3200C3095D /* NameEntry.cpp */,
				22EF8C4C09DC5C3200C3095D /* NetworkLobby.cpp */,
				22EF8C4D09DC5C3200C3095D /* TitleScreen.cpp */,
			);
			name = Menus;
			sourceTree = "<group>";
		};
		225E23BC09560AB10086CB3C /* Drawables */ = {
			isa = PBXGroup;
			children = (
				22EF8C4309DC5C0D00C3095D /* menuList.cpp */,
				22EF8C3909DC5BCC00C3095D /* box.cpp */,
				22EF8C3B09DC5BCC00C3095D /* playField.cpp */,
				22EF8C3C09DC5BCC00C3095D /* squaresBg.cpp */,
				22EF8C3D09DC5BCC00C3095D /* squaresHUD.cpp */,
			);
			name = Drawables;
			sourceTree = "<group>";
		};
		22EF8CE309DC5CF800C3095D /* drawables */ = {
			isa = PBXGroup;
			children = (
				22EF8CE409DC5CF800C3095D /* box.h */,
				22EF8CE509DC5CF800C3095D /* menuList.h */,
				22EF8CE609DC5CF800C3095D /* playField.h */,
				22EF8CE709DC5CF800C3095D /* squaresBg.h */,
				22EF8CE809DC5CF800C3095D /* squaresHUD.h */,
			);
			name = drawables;
			path = ../include/drawables;
			sourceTree = SOURCE_ROOT;
		};
		22EF8CEF09DC5CF800C3095D /* menus */ = {
			isa = PBXGroup;
			children = (
				22EF8CF009DC5CF800C3095D /* DCSMenu.h */,
				22EF8CF109DC5CF800C3095D /* GamePlay.h */,
				22EF8CF209DC5CF800C3095D /* HighScores.h */,
				22EF8CF309DC5CF800C3095D /* HowToPlay.h */,
				22EF8CF409DC5CF800C3095D /* LevelStats.h */,
				22EF8CF509DC5CF800C3095D /* MultiPlaySetup.h */,
				22EF8CF609DC5CF800C3095D /* NameEntry.h */,
				22EF8CF709DC5CF800C3095D /* NetworkLobby.h */,
				22EF8CF809DC5CF800C3095D /* TitleScreen.h */,
			);
			name = menus;
			path = ../include/menus;
			sourceTree = SOURCE_ROOT;
		};
		29B97314FDCFA39411CA2CEA /* TikiSquares */ = {
			isa = PBXGroup;
			children = (
				225E23BC09560AB10086CB3C /* Drawables */,
				225E2214095609900086CB3C /* Menus */,
				225E219D095604E30086CB3C /* include */,
				222FC2ED0953AC84009582BD /* common */,
				080E96DDFE201D6D7F000001 /* Classes */,
				29B97315FDCFA39411CA2CEA /* Other Sources */,
				29B97317FDCFA39411CA2CEA /* Resources */,
				29B97323FDCFA39411CA2CEA /* Frameworks */,
				19C28FACFE9D520D11CA2CBB /* Products */,
			);
			name = TikiSquares;
			sourceTree = "<group>";
		};
		29B97315FDCFA39411CA2CEA /* Other Sources */ = {
			isa = PBXGroup;
			children = (
				32CA4F630368D1EE00C91783 /* TikiSquares_Prefix.pch */,
				29B97316FDCFA39411CA2CEA /* main.m */,
			);
			name = "Other Sources";
			sourceTree = "<group>";
		};
		29B97317FDCFA39411CA2CEA /* Resources */ = {
			isa = PBXGroup;
			children = (
				22EF8C7009DC5C8D00C3095D /* loading.png */,
				22EF8C7109DC5C8D00C3095D /* themes */,
				22EF8C8B09DC5C8D00C3095D /* VeraBd.txf */,
				8D1107310486CEB800E47090 /* Info.plist */,
				089C165CFE840E0CC02AAC07 /* InfoPlist.strings */,
				29B97318FDCFA39411CA2CEA /* MainMenu.nib */,
			);
			name = Resources;
			sourceTree = "<group>";
		};
		29B97323FDCFA39411CA2CEA /* Frameworks */ = {
			isa = PBXGroup;
			children = (
				1058C7A0FEA54F0111CA2CBB /* Linked Frameworks */,
				1058C7A2FEA54F0111CA2CBB /* Other Frameworks */,
			);
			name = Frameworks;
			sourceTree = "<group>";
		};
/* End PBXGroup section */

/* Begin PBXNativeTarget section */
		8D1107260486CEB800E47090 /* TikiSquares */ = {
			isa = PBXNativeTarget;
			buildConfigurationList = C01FCF4A08A954540054247B /* Build configuration list for PBXNativeTarget "TikiSquares" */;
			buildPhases = (
				8D1107290486CEB800E47090 /* Resources */,
				8D11072C0486CEB800E47090 /* Sources */,
				8D11072E0486CEB800E47090 /* Frameworks */,
				22F3A2760953A8F4005DB9D0 /* CopyFiles */,
			);
			buildRules = (
			);
			buildSettings = {
			};
			dependencies = (
			);
			name = TikiSquares;
			productInstallPath = "$(HOME)/Applications";
			productName = TikiSquares;
			productReference = 8D1107320486CEB800E47090 /* TikiSquares.app */;
			productType = "com.apple.product-type.application";
		};
/* End PBXNativeTarget section */

/* Begin PBXProject section */
		29B97313FDCFA39411CA2CEA /* Project object */ = {
			isa = PBXProject;
			buildConfigurationList = C01FCF4E08A954540054247B /* Build configuration list for PBXProject "TikiSquares" */;
			buildSettings = {
			};
			buildStyles = (
				4A9504CCFFE6A4B311CA0CBA /* Debug */,
				4A9504CDFFE6A4B311CA0CBA /* Release */,
			);
			hasScannedForEncodings = 1;
			mainGroup = 29B97314FDCFA39411CA2CEA /* TikiSquares */;
			projectDirPath = "";
			targets = (
				8D1107260486CEB800E47090 /* TikiSquares */,
			);
		};
/* End PBXProject section */

/* Begin PBXResourcesBuildPhase section */
		8D1107290486CEB800E47090 /* Resources */ = {
			isa = PBXResourcesBuildPhase;
			buildActionMask = 2147483647;
			files = (
				8D11072A0486CEB800E47090 /* MainMenu.nib in Resources */,
				8D11072B0486CEB800E47090 /* InfoPlist.strings in Resources */,
				22EF8C8C09DC5C8D00C3095D /* loading.png in Resources */,
				22EF8C8D09DC5C8D00C3095D /* themes in Resources */,
				22EF8C8E09DC5C8D00C3095D /* VeraBd.txf in Resources */,
			);
			runOnlyForDeploymentPostprocessing = 0;
		};
/* End PBXResourcesBuildPhase section */

/* Begin PBXSourcesBuildPhase section */
		8D11072C0486CEB800E47090 /* Sources */ = {
			isa = PBXSourcesBuildPhase;
			buildActionMask = 2147483647;
			files = (
				8D11072D0486CEB800E47090 /* main.m in Sources */,
				22F3A2C70953AA02005DB9D0 /* Controller.m in Sources */,
				22EF8C3E09DC5BCC00C3095D /* box.cpp in Sources */,
				22EF8C4009DC5BCC00C3095D /* playField.cpp in Sources */,
				22EF8C4109DC5BCC00C3095D /* squaresBg.cpp in Sources */,
				22EF8C4209DC5BCC00C3095D /* squaresHUD.cpp in Sources */,
				22EF8C4409DC5C0D00C3095D /* menuList.cpp in Sources */,
				22EF8C4E09DC5C3200C3095D /* DCSMenu.cpp in Sources */,
				22EF8C4F09DC5C3200C3095D /* GamePlay.cpp in Sources */,
				22EF8C5009DC5C3200C3095D /* HighScores.cpp in Sources */,
				22EF8C5109DC5C3200C3095D /* HowToPlay.cpp in Sources */,
				22EF8C5209DC5C3200C3095D /* LevelStats.cpp in Sources */,
				22EF8C5309DC5C3200C3095D /* MultiPlaySetup.cpp in Sources */,
				22EF8C5409DC5C3200C3095D /* NameEntry.cpp in Sources */,
				22EF8C5509DC5C3200C3095D /* NetworkLobby.cpp in Sources */,
				22EF8C5609DC5C3200C3095D /* TitleScreen.cpp in Sources */,
				22EF8C6309DC5C6C00C3095D /* game.cc in Sources */,
				22EF8C6409DC5C6C00C3095D /* http.cc in Sources */,
				22EF8C6509DC5C6C00C3095D /* hud.cc in Sources */,
				22EF8C6609DC5C6C00C3095D /* level.cc in Sources */,
				22EF8C6709DC5C6C00C3095D /* main.cc in Sources */,
				22EF8C6809DC5C6C00C3095D /* net.cc in Sources */,
				22EF8C6909DC5C6C00C3095D /* rand.cc in Sources */,
				22EF8C6A09DC5C6C00C3095D /* score.cc in Sources */,
				22EF8C6B09DC5C6C00C3095D /* squares.cc in Sources */,
				22EF8C6C09DC5C6C00C3095D /* text.cc in Sources */,
				22EF8C6D09DC5C6C00C3095D /* theme.cc in Sources */,
			);
			runOnlyForDeploymentPostprocessing = 0;
		};
/* End PBXSourcesBuildPhase section */

/* Begin PBXVariantGroup section */
		089C165CFE840E0CC02AAC07 /* InfoPlist.strings */ = {
			isa = PBXVariantGroup;
			children = (
				089C165DFE840E0CC02AAC07 /* English */,
			);
			name = InfoPlist.strings;
			sourceTree = "<group>";
		};
		29B97318FDCFA39411CA2CEA /* MainMenu.nib */ = {
			isa = PBXVariantGroup;
			children = (
				29B97319FDCFA39411CA2CEA /* English */,
			);
			name = MainMenu.nib;
			sourceTree = "<group>";
		};
/* End PBXVariantGroup section */

/* Begin XCBuildConfiguration section */
		C01FCF4B08A954540054247B /* Debug */ = {
			isa = XCBuildConfiguration;
			buildSettings = {
				COPY_PHASE_STRIP = NO;
				FRAMEWORK_SEARCH_PATHS = (
					"$(FRAMEWORK_SEARCH_PATHS)",
					"$(SRCROOT)/../../../../tiki/osx/build/Deployment",
					"$(SRCROOT)/../../../../tiki/osx/build/Development",
					"$(SRCROOT)/../../../tiki/osx/build/Development",
				);
				GCC_DYNAMIC_NO_PIC = NO;
				GCC_ENABLE_FIX_AND_CONTINUE = YES;
				GCC_MODEL_TUNING = G5;
				GCC_OPTIMIZATION_LEVEL = 0;
				INFOPLIST_FILE = Info.plist;
				INSTALL_PATH = "$(HOME)/Applications";
				PRODUCT_NAME = TikiSquares;
				WRAPPER_EXTENSION = app;
				ZERO_LINK = NO;
			};
			name = Debug;
		};
		C01FCF4C08A954540054247B /* Release */ = {
			isa = XCBuildConfiguration;
			buildSettings = {
				ARCHS = (
					ppc,
					i386,
				);
				FRAMEWORK_SEARCH_PATHS = (
					"$(FRAMEWORK_SEARCH_PATHS)",
					"$(SRCROOT)/../../../../tiki/osx/build/Deployment",
					"$(SRCROOT)/../../../../tiki/osx/build/Development",
					"$(SRCROOT)/../../../tiki/osx/build/Development",
				);
				GCC_GENERATE_DEBUGGING_SYMBOLS = NO;
				GCC_MODEL_TUNING = G5;
				INFOPLIST_FILE = Info.plist;
				INSTALL_PATH = "$(HOME)/Applications";
				PRODUCT_NAME = TikiSquares;
				WRAPPER_EXTENSION = app;
			};
			name = Release;
		};
		C01FCF4F08A954540054247B /* Debug */ = {
			isa = XCBuildConfiguration;
			buildSettings = {
				GCC_PREPROCESSOR_DEFINITIONS = (
					MACOS,
					UNIX,
					TIKI,
				);
				GCC_WARN_ABOUT_RETURN_TYPE = YES;
				GCC_WARN_UNUSED_VARIABLE = YES;
				HEADER_SEARCH_PATHS = (
					../include,
					"$(HEADER_SEARCH_PATHS)",
				);
				PREBINDING = NO;
				SDKROOT = /Developer/SDKs/MacOSX10.4u.sdk;
			};
			name = Debug;
		};
		C01FCF5008A954540054247B /* Release */ = {
			isa = XCBuildConfiguration;
			buildSettings = {
				GCC_PREPROCESSOR_DEFINITIONS = (
					MACOS,
					UNIX,
					TIKI,
				);
				GCC_WARN_ABOUT_RETURN_TYPE = YES;
				GCC_WARN_UNUSED_VARIABLE = YES;
				HEADER_SEARCH_PATHS = (
					../include,
					"$(HEADER_SEARCH_PATHS)",
				);
				PREBINDING = NO;
				SDKROOT = /Developer/SDKs/MacOSX10.4u.sdk;
			};
			name = Release;
		};
/* End XCBuildConfiguration section */

/* Begin XCConfigurationList section */
		C01FCF4A08A954540054247B /* Build configuration list for PBXNativeTarget "TikiSquares" */ = {
			isa = XCConfigurationList;
			buildConfigurations = (
				C01FCF4B08A954540054247B /* Debug */,
				C01FCF4C08A954540054247B /* Release */,
			);
			defaultConfigurationIsVisible = 0;
			defaultConfigurationName = Release;
		};
		C01FCF4E08A954540054247B /* Build configuration list for PBXProject "TikiSquares" */ = {
			isa = XCConfigurationList;
			buildConfigurations = (
				C01FCF4F08A954540054247B /* Debug */,
				C01FCF5008A954540054247B /* Release */,
			);
			defaultConfigurationIsVisible = 0;
			defaultConfigurationName = Release;
		};
/* End XCConfigurationList section */
	};
	rootObject = 29B97313FDCFA39411CA2CEA /* Project object */;
}
